PODS:
  - AFNetworking (3.2.1):
    - AFNetworking/NSURLSession (= 3.2.1)
    - AFNetworking/Reachability (= 3.2.1)
    - AFNetworking/Security (= 3.2.1)
    - AFNetworking/Serialization (= 3.2.1)
    - AFNetworking/UIKit (= 3.2.1)
  - AFNetworking/NSURLSession (3.2.1):
    - AFNetworking/Reachability
    - AFNetworking/Security
    - AFNetworking/Serialization
  - AFNetworking/Reachability (3.2.1)
  - AFNetworking/Security (3.2.1)
  - AFNetworking/Serialization (3.2.1)
  - AFNetworking/UIKit (3.2.1):
    - AFNetworking/NSURLSession
  - SVProgressHUD (2.2.5)
  - WFBasics (0.1.1):
    - WFBasics/Category (= 0.1.1)
    - WFBasics/Config (= 0.1.1)
    - WFBasics/MediatorManager (= 0.1.1)
    - "WFBasics/WKRequest&Tools (= 0.1.1)"
  - WFBasics/Category (0.1.1)
  - WFBasics/Config (0.1.1)
  - WFBasics/MediatorManager (0.1.1)
  - "WFBasics/WKRequest&Tools (0.1.1)":
    - AFNetworking
    - SVProgressHUD

DEPENDENCIES:
  - WFBasics (from `../`)

SPEC REPOS:
  https://github.com/cocoapods/specs.git:
    - AFNetworking
    - SVProgressHUD

EXTERNAL SOURCES:
  WFBasics:
    :path: "../"

SPEC CHECKSUMS:
  AFNetworking: b6f891fdfaed196b46c7a83cf209e09697b94057
  SVProgressHUD: 1428aafac632c1f86f62aa4243ec12008d7a51d6
  WFBasics: 5a3ece8ae41d9f4fe7f2724fc92ffbea137051db

PODFILE CHECKSUM: 11a8dda35c00ad3a2eb8f49162be0cefe7c0e70c

COCOAPODS: 1.7.3
